
Microsoft Visual Studio Solution File, Format Version 12.00
# Visual Studio Version 17
VisualStudioVersion = 17.0.32112.339
MinimumVisualStudioVersion = 10.0.40219.1
Project("{FAE04EC0-301F-11D3-BF4B-00C04F79EFBC}") = "Deptor", "Deptor\Deptor.csproj", "{3BA8235E-706C-45B2-84C8-607E44397BB6}"
EndProject
Project("{FAE04EC0-301F-11D3-BF4B-00C04F79EFBC}") = "Deptor.Core", "Deptor.Core\Deptor.Core.csproj", "{74F005DE-70EB-46E7-AF1E-96CD6A225F51}"
EndProject
Global
	GlobalSection(SolutionConfigurationPlatforms) = preSolution
		Debug|Any CPU = Debug|Any CPU
		Release|Any CPU = Release|Any CPU
	EndGlobalSection
	GlobalSection(ProjectConfigurationPlatforms) = postSolution
		{3BA8235E-706C-45B2-84C8-607E44397BB6}.Debug|Any CPU.ActiveCfg = Debug|Any CPU
		{3BA8235E-706C-45B2-84C8-607E44397BB6}.Debug|Any CPU.Build.0 = Debug|Any CPU
		{3BA8235E-706C-45B2-84C8-607E44397BB6}.Release|Any CPU.ActiveCfg = Release|Any CPU
		{3BA8235E-706C-45B2-84C8-607E44397BB6}.Release|Any CPU.Build.0 = Release|Any CPU
		{74F005DE-70EB-46E7-AF1E-96CD6A225F51}.Debug|Any CPU.ActiveCfg = Debug|Any CPU
		{74F005DE-70EB-46E7-AF1E-96CD6A225F51}.Debug|Any CPU.Build.0 = Debug|Any CPU
		{74F005DE-70EB-46E7-AF1E-96CD6A225F51}.Release|Any CPU.ActiveCfg = Release|Any CPU
		{74F005DE-70EB-46E7-AF1E-96CD6A225F51}.Release|Any CPU.Build.0 = Release|Any CPU
	EndGlobalSection
	GlobalSection(SolutionProperties) = preSolution
		HideSolutionNode = FALSE
	EndGlobalSection
	GlobalSection(ExtensibilityGlobals) = postSolution
		SolutionGuid = {1FFB14CC-243C-4190-A63D-E8C1F3848DA9}
	EndGlobalSection
EndGlobal
