
Microsoft Visual Studio Solution File, Format Version 12.00
# Visual Studio Version 17
VisualStudioVersion = 17.0.32112.339
MinimumVisualStudioVersion = 10.0.40219.1
Project("{FAE04EC0-301F-11D3-BF4B-00C04F79EFBC}") = "FirstProgram", "FirstProgram\FirstProgram.csproj", "{B7488E73-1AF6-4D65-8AE1-634E9CFFCC08}"
EndProject
Global
	GlobalSection(SolutionConfigurationPlatforms) = preSolution
		Debug|Any CPU = Debug|Any CPU
		Release|Any CPU = Release|Any CPU
	EndGlobalSection
	GlobalSection(ProjectConfigurationPlatforms) = postSolution
		{B7488E73-1AF6-4D65-8AE1-634E9CFFCC08}.Debug|Any CPU.ActiveCfg = Debug|Any CPU
		{B7488E73-1AF6-4D65-8AE1-634E9CFFCC08}.Debug|Any CPU.Build.0 = Debug|Any CPU
		{B7488E73-1AF6-4D65-8AE1-634E9CFFCC08}.Release|Any CPU.ActiveCfg = Release|Any CPU
		{B7488E73-1AF6-4D65-8AE1-634E9CFFCC08}.Release|Any CPU.Build.0 = Release|Any CPU
	EndGlobalSection
	GlobalSection(SolutionProperties) = preSolution
		HideSolutionNode = FALSE
	EndGlobalSection
	GlobalSection(ExtensibilityGlobals) = postSolution
		SolutionGuid = {C5BD3626-C3D3-4BB4-A8B6-E8F0521BC733}
	EndGlobalSection
EndGlobal
